
Microsoft Visual Studio Solution File, Format Version 11.00
# Visual Studio 2010
Project("{FAE04EC0-301F-11D3-BF4B-00C04F79EFBC}") = "Plugin.Core", "Plugin.Core-deobfuscated-Cleaned.csproj", "{A9CDD1EA-FC33-4224-8F3E-BC39F3531965}"
EndProject
Global
	GlobalSection(SolutionConfigurationPlatforms) = preSolution
		Debug|Any CPU = Debug|Any CPU
		Release|Any CPU = Release|Any CPU
	EndGlobalSection
	GlobalSection(ProjectConfigurationPlatforms) = postSolution
		{A9CDD1EA-FC33-4224-8F3E-BC39F3531965}.Debug|Any CPU.ActiveCfg = Debug|Any CPU
		{A9CDD1EA-FC33-4224-8F3E-BC39F3531965}.Debug|Any CPU.Build.0 = Debug|Any CPU
		{A9CDD1EA-FC33-4224-8F3E-BC39F3531965}.Release|Any CPU.ActiveCfg = Release|Any CPU
		{A9CDD1EA-FC33-4224-8F3E-BC39F3531965}.Release|Any CPU.Build.0 = Release|Any CPU
	EndGlobalSection
	GlobalSection(SolutionProperties) = preSolution
		HideSolutionNode = FALSE
	EndGlobalSection
EndGlobal
