
Microsoft Visual Studio Solution File, Format Version 12.00
# Visual Studio Version 17
VisualStudioVersion = 17.14.36408.4
MinimumVisualStudioVersion = 10.0.40219.1
Project("{FAE04EC0-301F-11D3-BF4B-00C04F79EFBC}") = "Executable", "Unico.Execute\Executable.csproj", "{768E27F1-A6D7-4D9D-831D-F0F4A3553152}"
EndProject
Project("{FAE04EC0-301F-11D3-BF4B-00C04F79EFBC}") = "Plugin.Core", "Plugin.Core\Plugin.Core.csproj", "{A9CDD1EA-FC33-4224-8F3E-BC39F3531965}"
EndProject
Project("{FAE04EC0-301F-11D3-BF4B-00C04F79EFBC}") = "Server.Auth", "Server.Auth\Server.Auth.csproj", "{56CD3DBD-D518-427E-BAF7-747590303651}"
EndProject
Project("{FAE04EC0-301F-11D3-BF4B-00C04F79EFBC}") = "Server.Game", "Server.Game\Server.Game.csproj", "{80F706BF-AB3B-4F4E-AA43-5088DEAD191C}"
EndProject
Project("{FAE04EC0-301F-11D3-BF4B-00C04F79EFBC}") = "Server.Match", "Server.Match\Server.Match.csproj", "{3C70194D-8B99-4993-BA0D-5EDD4418CC5A}"
EndProject
Project("{8BC9CEB8-8B4A-11D0-8D11-00A0C91BC942}") = "CryptoLib", "CryptoLib\CryptoLib.vcxproj", "{BD7B2FA3-2466-475C-B47E-8ECC6444CE45}"
EndProject
Global
	GlobalSection(SolutionConfigurationPlatforms) = preSolution
		Debug|Any CPU = Debug|Any CPU
		Debug|x64 = Debug|x64
		Debug|x86 = Debug|x86
		Release|Any CPU = Release|Any CPU
		Release|x64 = Release|x64
		Release|x86 = Release|x86
	EndGlobalSection
	GlobalSection(ProjectConfigurationPlatforms) = postSolution
		{768E27F1-A6D7-4D9D-831D-F0F4A3553152}.Debug|Any CPU.ActiveCfg = Debug|Any CPU
		{768E27F1-A6D7-4D9D-831D-F0F4A3553152}.Debug|Any CPU.Build.0 = Debug|Any CPU
		{768E27F1-A6D7-4D9D-831D-F0F4A3553152}.Debug|x64.ActiveCfg = Debug|Any CPU
		{768E27F1-A6D7-4D9D-831D-F0F4A3553152}.Debug|x64.Build.0 = Debug|Any CPU
		{768E27F1-A6D7-4D9D-831D-F0F4A3553152}.Debug|x86.ActiveCfg = Debug|Any CPU
		{768E27F1-A6D7-4D9D-831D-F0F4A3553152}.Debug|x86.Build.0 = Debug|Any CPU
		{768E27F1-A6D7-4D9D-831D-F0F4A3553152}.Release|Any CPU.ActiveCfg = Release|Any CPU
		{768E27F1-A6D7-4D9D-831D-F0F4A3553152}.Release|Any CPU.Build.0 = Release|Any CPU
		{768E27F1-A6D7-4D9D-831D-F0F4A3553152}.Release|x64.ActiveCfg = Release|Any CPU
		{768E27F1-A6D7-4D9D-831D-F0F4A3553152}.Release|x64.Build.0 = Release|Any CPU
		{768E27F1-A6D7-4D9D-831D-F0F4A3553152}.Release|x86.ActiveCfg = Release|Any CPU
		{768E27F1-A6D7-4D9D-831D-F0F4A3553152}.Release|x86.Build.0 = Release|Any CPU
		{A9CDD1EA-FC33-4224-8F3E-BC39F3531965}.Debug|Any CPU.ActiveCfg = Debug|Any CPU
		{A9CDD1EA-FC33-4224-8F3E-BC39F3531965}.Debug|Any CPU.Build.0 = Debug|Any CPU
		{A9CDD1EA-FC33-4224-8F3E-BC39F3531965}.Debug|x64.ActiveCfg = Debug|Any CPU
		{A9CDD1EA-FC33-4224-8F3E-BC39F3531965}.Debug|x64.Build.0 = Debug|Any CPU
		{A9CDD1EA-FC33-4224-8F3E-BC39F3531965}.Debug|x86.ActiveCfg = Debug|Any CPU
		{A9CDD1EA-FC33-4224-8F3E-BC39F3531965}.Debug|x86.Build.0 = Debug|Any CPU
		{A9CDD1EA-FC33-4224-8F3E-BC39F3531965}.Release|Any CPU.ActiveCfg = Release|Any CPU
		{A9CDD1EA-FC33-4224-8F3E-BC39F3531965}.Release|Any CPU.Build.0 = Release|Any CPU
		{A9CDD1EA-FC33-4224-8F3E-BC39F3531965}.Release|x64.ActiveCfg = Release|Any CPU
		{A9CDD1EA-FC33-4224-8F3E-BC39F3531965}.Release|x64.Build.0 = Release|Any CPU
		{A9CDD1EA-FC33-4224-8F3E-BC39F3531965}.Release|x86.ActiveCfg = Release|Any CPU
		{A9CDD1EA-FC33-4224-8F3E-BC39F3531965}.Release|x86.Build.0 = Release|Any CPU
		{56CD3DBD-D518-427E-BAF7-747590303651}.Debug|Any CPU.ActiveCfg = Debug|Any CPU
		{56CD3DBD-D518-427E-BAF7-747590303651}.Debug|Any CPU.Build.0 = Debug|Any CPU
		{56CD3DBD-D518-427E-BAF7-747590303651}.Debug|x64.ActiveCfg = Debug|Any CPU
		{56CD3DBD-D518-427E-BAF7-747590303651}.Debug|x64.Build.0 = Debug|Any CPU
		{56CD3DBD-D518-427E-BAF7-747590303651}.Debug|x86.ActiveCfg = Debug|Any CPU
		{56CD3DBD-D518-427E-BAF7-747590303651}.Debug|x86.Build.0 = Debug|Any CPU
		{56CD3DBD-D518-427E-BAF7-747590303651}.Release|Any CPU.ActiveCfg = Release|Any CPU
		{56CD3DBD-D518-427E-BAF7-747590303651}.Release|Any CPU.Build.0 = Release|Any CPU
		{56CD3DBD-D518-427E-BAF7-747590303651}.Release|x64.ActiveCfg = Release|Any CPU
		{56CD3DBD-D518-427E-BAF7-747590303651}.Release|x64.Build.0 = Release|Any CPU
		{56CD3DBD-D518-427E-BAF7-747590303651}.Release|x86.ActiveCfg = Release|Any CPU
		{56CD3DBD-D518-427E-BAF7-747590303651}.Release|x86.Build.0 = Release|Any CPU
		{80F706BF-AB3B-4F4E-AA43-5088DEAD191C}.Debug|Any CPU.ActiveCfg = Debug|Any CPU
		{80F706BF-AB3B-4F4E-AA43-5088DEAD191C}.Debug|Any CPU.Build.0 = Debug|Any CPU
		{80F706BF-AB3B-4F4E-AA43-5088DEAD191C}.Debug|x64.ActiveCfg = Debug|Any CPU
		{80F706BF-AB3B-4F4E-AA43-5088DEAD191C}.Debug|x64.Build.0 = Debug|Any CPU
		{80F706BF-AB3B-4F4E-AA43-5088DEAD191C}.Debug|x86.ActiveCfg = Debug|Any CPU
		{80F706BF-AB3B-4F4E-AA43-5088DEAD191C}.Debug|x86.Build.0 = Debug|Any CPU
		{80F706BF-AB3B-4F4E-AA43-5088DEAD191C}.Release|Any CPU.ActiveCfg = Release|Any CPU
		{80F706BF-AB3B-4F4E-AA43-5088DEAD191C}.Release|Any CPU.Build.0 = Release|Any CPU
		{80F706BF-AB3B-4F4E-AA43-5088DEAD191C}.Release|x64.ActiveCfg = Release|Any CPU
		{80F706BF-AB3B-4F4E-AA43-5088DEAD191C}.Release|x64.Build.0 = Release|Any CPU
		{80F706BF-AB3B-4F4E-AA43-5088DEAD191C}.Release|x86.ActiveCfg = Release|Any CPU
		{80F706BF-AB3B-4F4E-AA43-5088DEAD191C}.Release|x86.Build.0 = Release|Any CPU
		{3C70194D-8B99-4993-BA0D-5EDD4418CC5A}.Debug|Any CPU.ActiveCfg = Debug|Any CPU
		{3C70194D-8B99-4993-BA0D-5EDD4418CC5A}.Debug|Any CPU.Build.0 = Debug|Any CPU
		{3C70194D-8B99-4993-BA0D-5EDD4418CC5A}.Debug|x64.ActiveCfg = Debug|Any CPU
		{3C70194D-8B99-4993-BA0D-5EDD4418CC5A}.Debug|x64.Build.0 = Debug|Any CPU
		{3C70194D-8B99-4993-BA0D-5EDD4418CC5A}.Debug|x86.ActiveCfg = Debug|Any CPU
		{3C70194D-8B99-4993-BA0D-5EDD4418CC5A}.Debug|x86.Build.0 = Debug|Any CPU
		{3C70194D-8B99-4993-BA0D-5EDD4418CC5A}.Release|Any CPU.ActiveCfg = Release|Any CPU
		{3C70194D-8B99-4993-BA0D-5EDD4418CC5A}.Release|Any CPU.Build.0 = Release|Any CPU
		{3C70194D-8B99-4993-BA0D-5EDD4418CC5A}.Release|x64.ActiveCfg = Release|Any CPU
		{3C70194D-8B99-4993-BA0D-5EDD4418CC5A}.Release|x64.Build.0 = Release|Any CPU
		{3C70194D-8B99-4993-BA0D-5EDD4418CC5A}.Release|x86.ActiveCfg = Release|Any CPU
		{3C70194D-8B99-4993-BA0D-5EDD4418CC5A}.Release|x86.Build.0 = Release|Any CPU
		{BD7B2FA3-2466-475C-B47E-8ECC6444CE45}.Debug|Any CPU.ActiveCfg = Debug|x64
		{BD7B2FA3-2466-475C-B47E-8ECC6444CE45}.Debug|Any CPU.Build.0 = Debug|x64
		{BD7B2FA3-2466-475C-B47E-8ECC6444CE45}.Debug|x64.ActiveCfg = Debug|x64
		{BD7B2FA3-2466-475C-B47E-8ECC6444CE45}.Debug|x64.Build.0 = Debug|x64
		{BD7B2FA3-2466-475C-B47E-8ECC6444CE45}.Debug|x86.ActiveCfg = Debug|Win32
		{BD7B2FA3-2466-475C-B47E-8ECC6444CE45}.Debug|x86.Build.0 = Debug|Win32
		{BD7B2FA3-2466-475C-B47E-8ECC6444CE45}.Release|Any CPU.ActiveCfg = Release|x64
		{BD7B2FA3-2466-475C-B47E-8ECC6444CE45}.Release|Any CPU.Build.0 = Release|x64
		{BD7B2FA3-2466-475C-B47E-8ECC6444CE45}.Release|x64.ActiveCfg = Release|x64
		{BD7B2FA3-2466-475C-B47E-8ECC6444CE45}.Release|x64.Build.0 = Release|x64
		{BD7B2FA3-2466-475C-B47E-8ECC6444CE45}.Release|x86.ActiveCfg = Release|Win32
		{BD7B2FA3-2466-475C-B47E-8ECC6444CE45}.Release|x86.Build.0 = Release|Win32
	EndGlobalSection
	GlobalSection(SolutionProperties) = preSolution
		HideSolutionNode = FALSE
	EndGlobalSection
	GlobalSection(ExtensibilityGlobals) = postSolution
		SolutionGuid = {7B61116F-825A-44ED-85AE-43FB28FD8A9F}
	EndGlobalSection
EndGlobal
